
Microsoft Visual Studio Solution File, Format Version 12.00
# Visual Studio Version 17
VisualStudioVersion = 17.1.32407.343
MinimumVisualStudioVersion = 10.0.40219.1
Project("{FAE04EC0-301F-11D3-BF4B-00C04F79EFBC}") = "HTTP.sys.Android", "HTTP.sys\HTTP.sys.Android\HTTP.sys.Android.csproj", "{571A5936-BDFB-4994-BB4A-FAC2C6A3AC34}"
EndProject
Project("{FAE04EC0-301F-11D3-BF4B-00C04F79EFBC}") = "HTTP.sys", "HTTP.sys\HTTP.sys\HTTP.sys.csproj", "{A79CFE07-5C01-424F-8944-98BF5D43DBE2}"
EndProject
Global
	GlobalSection(SolutionConfigurationPlatforms) = preSolution
		Debug|Any CPU = Debug|Any CPU
		Release|Any CPU = Release|Any CPU
	EndGlobalSection
	GlobalSection(ProjectConfigurationPlatforms) = postSolution
		{571A5936-BDFB-4994-BB4A-FAC2C6A3AC34}.Debug|Any CPU.ActiveCfg = Debug|Any CPU
		{571A5936-BDFB-4994-BB4A-FAC2C6A3AC34}.Debug|Any CPU.Build.0 = Debug|Any CPU
		{571A5936-BDFB-4994-BB4A-FAC2C6A3AC34}.Debug|Any CPU.Deploy.0 = Debug|Any CPU
		{571A5936-BDFB-4994-BB4A-FAC2C6A3AC34}.Release|Any CPU.ActiveCfg = Release|Any CPU
		{571A5936-BDFB-4994-BB4A-FAC2C6A3AC34}.Release|Any CPU.Build.0 = Release|Any CPU
		{571A5936-BDFB-4994-BB4A-FAC2C6A3AC34}.Release|Any CPU.Deploy.0 = Release|Any CPU
		{A79CFE07-5C01-424F-8944-98BF5D43DBE2}.Debug|Any CPU.ActiveCfg = Debug|Any CPU
		{A79CFE07-5C01-424F-8944-98BF5D43DBE2}.Debug|Any CPU.Build.0 = Debug|Any CPU
		{A79CFE07-5C01-424F-8944-98BF5D43DBE2}.Debug|Any CPU.Deploy.0 = Debug|Any CPU
		{A79CFE07-5C01-424F-8944-98BF5D43DBE2}.Release|Any CPU.ActiveCfg = Release|Any CPU
		{A79CFE07-5C01-424F-8944-98BF5D43DBE2}.Release|Any CPU.Build.0 = Release|Any CPU
		{A79CFE07-5C01-424F-8944-98BF5D43DBE2}.Release|Any CPU.Deploy.0 = Release|Any CPU
	EndGlobalSection
	GlobalSection(SolutionProperties) = preSolution
		HideSolutionNode = FALSE
	EndGlobalSection
	GlobalSection(ExtensibilityGlobals) = postSolution
		SolutionGuid = {547DA290-EC17-4E71-B206-D7F556556CA1}
	EndGlobalSection
EndGlobal
